
Microsoft Visual Studio Solution File, Format Version 12.00
# Visual Studio Version 17
VisualStudioVersion = 17.3.32811.315
MinimumVisualStudioVersion = 10.0.40219.1
Project("{9A19103F-16F7-4668-BE54-9A1E7A4F7556}") = "FlagsmithFeatureManagement", "..\FlagsmithFeatureManagement\FlagsmithFeatureManagement.csproj", "{100EEA90-4B09-4BB3-B7D5-446F1208D2D8}"
EndProject
Project("{9A19103F-16F7-4668-BE54-9A1E7A4F7556}") = "LaunchDarklyFeatureManagement", "..\LaunchDarklyFeatureManagement\LaunchDarklyFeatureManagement.csproj", "{B89A1B9C-2A4D-483C-AE8B-440DFA03492C}"
EndProject
Project("{9A19103F-16F7-4668-BE54-9A1E7A4F7556}") = "WebApplication1", "..\FeatureFlagProtoAuth\WebApplication1\WebApplication1.csproj", "{1B0525E5-3146-4FC9-AFE6-2CBE2EBDBAFA}"
EndProject
Global
	GlobalSection(SolutionConfigurationPlatforms) = preSolution
		Debug|Any CPU = Debug|Any CPU
		Release|Any CPU = Release|Any CPU
	EndGlobalSection
	GlobalSection(ProjectConfigurationPlatforms) = postSolution
		{100EEA90-4B09-4BB3-B7D5-446F1208D2D8}.Debug|Any CPU.ActiveCfg = Debug|Any CPU
		{100EEA90-4B09-4BB3-B7D5-446F1208D2D8}.Debug|Any CPU.Build.0 = Debug|Any CPU
		{100EEA90-4B09-4BB3-B7D5-446F1208D2D8}.Release|Any CPU.ActiveCfg = Release|Any CPU
		{100EEA90-4B09-4BB3-B7D5-446F1208D2D8}.Release|Any CPU.Build.0 = Release|Any CPU
		{B89A1B9C-2A4D-483C-AE8B-440DFA03492C}.Debug|Any CPU.ActiveCfg = Debug|Any CPU
		{B89A1B9C-2A4D-483C-AE8B-440DFA03492C}.Debug|Any CPU.Build.0 = Debug|Any CPU
		{B89A1B9C-2A4D-483C-AE8B-440DFA03492C}.Release|Any CPU.ActiveCfg = Release|Any CPU
		{B89A1B9C-2A4D-483C-AE8B-440DFA03492C}.Release|Any CPU.Build.0 = Release|Any CPU
		{1B0525E5-3146-4FC9-AFE6-2CBE2EBDBAFA}.Debug|Any CPU.ActiveCfg = Debug|Any CPU
		{1B0525E5-3146-4FC9-AFE6-2CBE2EBDBAFA}.Debug|Any CPU.Build.0 = Debug|Any CPU
		{1B0525E5-3146-4FC9-AFE6-2CBE2EBDBAFA}.Release|Any CPU.ActiveCfg = Release|Any CPU
		{1B0525E5-3146-4FC9-AFE6-2CBE2EBDBAFA}.Release|Any CPU.Build.0 = Release|Any CPU
	EndGlobalSection
	GlobalSection(SolutionProperties) = preSolution
		HideSolutionNode = FALSE
	EndGlobalSection
	GlobalSection(ExtensibilityGlobals) = postSolution
		SolutionGuid = {2639FA99-9859-4BED-A076-E00C8B90FA6A}
	EndGlobalSection
EndGlobal
